{
  "requires": true,
  "lockfileVersion": 1,
  "dependencies": {
    "asap": {
      "version": "2.0.6",
      "resolved": "http://registry.npm.taobao.org/asap/download/asap-2.0.6.tgz",
      "integrity": "sha1-5QNHYR1+aQlDIIu9r+vLwvuGbUY=",
      "dev": true
    },
    "base16": {
      "version": "1.0.0",
      "resolved": "http://registry.npm.taobao.org/base16/download/base16-1.0.0.tgz",
      "integrity": "sha1-4pf2DX7BAUp6lxo568ipjAtoHnA=",
      "dev": true
    },
    "core-js": {
      "version": "1.2.7",
      "resolved": "http://registry.npm.taobao.org/core-js/download/core-js-1.2.7.tgz",
      "integrity": "sha1-ZSKUwUZR2yj6k70tX/KYOk8IxjY=",
      "dev": true
    },
    "encoding": {
      "version": "0.1.12",
      "resolved": "http://registry.npm.taobao.org/encoding/download/encoding-0.1.12.tgz",
      "integrity": "sha1-U4tm8+5izRq1HsMjgp0flIDHS+s=",
      "dev": true,
      "requires": {
        "iconv-lite": "0.4.19"
      }
    },
    "fbjs": {
      "version": "0.8.16",
      "resolved": "http://registry.npm.taobao.org/fbjs/download/fbjs-0.8.16.tgz",
      "integrity": "sha1-XmdDL1UNxBtXK/VYR7ispk5TN9s=",
      "dev": true,
      "requires": {
        "core-js": "1.2.7",
        "isomorphic-fetch": "2.2.1",
        "loose-envify": "1.3.1",
        "object-assign": "4.1.1",
        "promise": "7.3.1",
        "setimmediate": "1.0.5",
        "ua-parser-js": "0.7.14"
      }
    },
    "iconv-lite": {
      "version": "0.4.19",
      "resolved": "http://registry.npm.taobao.org/iconv-lite/download/iconv-lite-0.4.19.tgz",
      "integrity": "sha1-90aPYBNfXl2tM5nAqBvpoWA6CCs=",
      "dev": true
    },
    "is-stream": {
      "version": "1.1.0",
      "resolved": "http://registry.npm.taobao.org/is-stream/download/is-stream-1.1.0.tgz",
      "integrity": "sha1-EtSj3U5o4Lec6428hBc66A2RykQ=",
      "dev": true
    },
    "isomorphic-fetch": {
      "version": "2.2.1",
      "resolved": "http://registry.npm.taobao.org/isomorphic-fetch/download/isomorphic-fetch-2.2.1.tgz",
      "integrity": "sha1-YRrhrPFPXoH3KVB0coGf6XM1WKk=",
      "dev": true,
      "requires": {
        "node-fetch": "1.7.3",
        "whatwg-fetch": "2.0.3"
      }
    },
    "js-tokens": {
      "version": "3.0.2",
      "resolved": "http://registry.npm.taobao.org/js-tokens/download/js-tokens-3.0.2.tgz",
      "integrity": "sha1-mGbfOVECEw449/mWvOtlRDIJwls=",
      "dev": true
    },
    "lodash": {
      "version": "4.17.4",
      "resolved": "http://registry.npm.taobao.org/lodash/download/lodash-4.17.4.tgz",
      "integrity": "sha1-eCA6TRwyiuHYbcpkYONptX9AVa4=",
      "dev": true
    },
    "lodash._getnative": {
      "version": "3.9.1",
      "resolved": "http://registry.npm.taobao.org/lodash._getnative/download/lodash._getnative-3.9.1.tgz",
      "integrity": "sha1-VwvH3t5G1hzc3mh9ZdPuy6o6r/U=",
      "dev": true
    },
    "lodash.curry": {
      "version": "4.1.1",
      "resolved": "http://registry.npm.taobao.org/lodash.curry/download/lodash.curry-4.1.1.tgz",
      "integrity": "sha1-JI42By7ekGUB11lmIAqG2riyMXA=",
      "dev": true
    },
    "lodash.debounce": {
      "version": "3.1.1",
      "resolved": "http://registry.npm.taobao.org/lodash.debounce/download/lodash.debounce-3.1.1.tgz",
      "integrity": "sha1-gSIRw3ipTMKdWqTjNGzwv846ffU=",
      "dev": true,
      "requires": {
        "lodash._getnative": "3.9.1"
      }
    },
    "lodash.flow": {
      "version": "3.5.0",
      "resolved": "http://registry.npm.taobao.org/lodash.flow/download/lodash.flow-3.5.0.tgz",
      "integrity": "sha1-h79AKSuM+D5OjOGjrkIJ4gBxZ1o=",
      "dev": true
    },
    "loose-envify": {
      "version": "1.3.1",
      "resolved": "http://registry.npm.taobao.org/loose-envify/download/loose-envify-1.3.1.tgz",
      "integrity": "sha1-0aitM/qc4OcT1l/dCsi3SNR4yEg=",
      "dev": true,
      "requires": {
        "js-tokens": "3.0.2"
      }
    },
    "node-fetch": {
      "version": "1.7.3",
      "resolved": "http://registry.npm.taobao.org/node-fetch/download/node-fetch-1.7.3.tgz",
      "integrity": "sha1-mA9vcthSEaU0fGsrwYxbhMPrR+8=",
      "dev": true,
      "requires": {
        "encoding": "0.1.12",
        "is-stream": "1.1.0"
      }
    },
    "object-assign": {
      "version": "4.1.1",
      "resolved": "http://registry.npm.taobao.org/object-assign/download/object-assign-4.1.1.tgz",
      "integrity": "sha1-IQmtx5ZYh8/AXLvUQsrIv7s2CGM=",
      "dev": true
    },
    "parse-key": {
      "version": "0.2.1",
      "resolved": "http://registry.npm.taobao.org/parse-key/download/parse-key-0.2.1.tgz",
      "integrity": "sha1-e892WVU242B1Zkvk1ofkvdkQII8=",
      "dev": true
    },
    "promise": {
      "version": "7.3.1",
      "resolved": "http://registry.npm.taobao.org/promise/download/promise-7.3.1.tgz",
      "integrity": "sha1-BktyYCsY+Q8pGSuLG8QY/9Hr078=",
      "dev": true,
      "requires": {
        "asap": "2.0.6"
      }
    },
    "prop-types": {
      "version": "15.6.0",
      "resolved": "http://registry.npm.taobao.org/prop-types/download/prop-types-15.6.0.tgz",
      "integrity": "sha1-zq8IMCL8RrSjX2nhPvda7Q1jmFY=",
      "dev": true,
      "requires": {
        "fbjs": "0.8.16",
        "loose-envify": "1.3.1",
        "object-assign": "4.1.1"
      }
    },
    "pure-color": {
      "version": "1.3.0",
      "resolved": "http://registry.npm.taobao.org/pure-color/download/pure-color-1.3.0.tgz",
      "integrity": "sha1-H+Bk+wrIUfDeYTIKi/eWg2Qi8z4=",
      "dev": true
    },
    "react-base16-styling": {
      "version": "0.5.3",
      "resolved": "http://registry.npm.taobao.org/react-base16-styling/download/react-base16-styling-0.5.3.tgz",
      "integrity": "sha1-OFjyTpxN2MvT9wLz901YHKKRcmk=",
      "dev": true,
      "requires": {
        "base16": "1.0.0",
        "lodash.curry": "4.1.1",
        "lodash.flow": "3.5.0",
        "pure-color": "1.3.0"
      }
    },
    "react-dock": {
      "version": "0.2.4",
      "resolved": "http://registry.npm.taobao.org/react-dock/download/react-dock-0.2.4.tgz",
      "integrity": "sha1-5yfcdVCztzEWY13LnA4E0Lev4Xw=",
      "dev": true,
      "requires": {
        "lodash.debounce": "3.1.1",
        "prop-types": "15.6.0"
      }
    },
    "react-json-tree": {
      "version": "0.10.9",
      "resolved": "http://registry.npm.taobao.org/react-json-tree/download/react-json-tree-0.10.9.tgz",
      "integrity": "sha1-cmMXOizIvwXqxjsEGcPOdbIy4oQ=",
      "dev": true,
      "requires": {
        "babel-runtime": "6.26.0",
        "prop-types": "15.6.0",
        "react-base16-styling": "0.5.3"
      },
      "dependencies": {
        "babel-runtime": {
          "version": "6.26.0",
          "resolved": "http://registry.npm.taobao.org/babel-runtime/download/babel-runtime-6.26.0.tgz",
          "integrity": "sha1-llxwWGaOgrVde/4E/yM3vItWR/4=",
          "dev": true,
          "requires": {
            "core-js": "2.5.1",
            "regenerator-runtime": "0.11.0"
          }
        },
        "core-js": {
          "version": "2.5.1",
          "resolved": "http://registry.npm.taobao.org/core-js/download/core-js-2.5.1.tgz",
          "integrity": "sha1-rmh03GaTd4m4B1T/VCjfZoGcpQs=",
          "dev": true
        }
      }
    },
    "react-pure-render": {
      "version": "1.0.2",
      "resolved": "http://registry.npm.taobao.org/react-pure-render/download/react-pure-render-1.0.2.tgz",
      "integrity": "sha1-nYqSjH8sN1E8LQZOV7Pjw1bp+rs=",
      "dev": true
    },
    "redux-devtools": {
      "version": "3.4.0",
      "resolved": "http://registry.npm.taobao.org/redux-devtools/download/redux-devtools-3.4.0.tgz",
      "integrity": "sha1-m/hBUVQwH1aQbyajb1vB9cqRO7U=",
      "dev": true,
      "requires": {
        "lodash": "4.17.4",
        "prop-types": "15.6.0",
        "redux-devtools-instrument": "1.8.2"
      }
    },
    "redux-devtools-dock-monitor": {
      "version": "1.1.2",
      "resolved": "http://registry.npm.taobao.org/redux-devtools-dock-monitor/download/redux-devtools-dock-monitor-1.1.2.tgz",
      "integrity": "sha1-6yE6Ah+MJbiS9smL24c2hhXj0gE=",
      "dev": true,
      "requires": {
        "babel-runtime": "6.26.0",
        "parse-key": "0.2.1",
        "prop-types": "15.6.0",
        "react-dock": "0.2.4",
        "react-pure-render": "1.0.2"
      },
      "dependencies": {
        "babel-runtime": {
          "version": "6.26.0",
          "resolved": "http://registry.npm.taobao.org/babel-runtime/download/babel-runtime-6.26.0.tgz",
          "integrity": "sha1-llxwWGaOgrVde/4E/yM3vItWR/4=",
          "dev": true,
          "requires": {
            "core-js": "2.5.1",
            "regenerator-runtime": "0.11.0"
          }
        },
        "core-js": {
          "version": "2.5.1",
          "resolved": "http://registry.npm.taobao.org/core-js/download/core-js-2.5.1.tgz",
          "integrity": "sha1-rmh03GaTd4m4B1T/VCjfZoGcpQs=",
          "dev": true
        }
      }
    },
    "redux-devtools-instrument": {
      "version": "1.8.2",
      "resolved": "http://registry.npm.taobao.org/redux-devtools-instrument/download/redux-devtools-instrument-1.8.2.tgz",
      "integrity": "sha1-XpHP5ALnkNrj/S8NI197fYSwn/4=",
      "dev": true,
      "requires": {
        "lodash": "4.17.4",
        "symbol-observable": "1.0.4"
      }
    },
    "redux-devtools-log-monitor": {
      "version": "1.3.0",
      "resolved": "http://registry.npm.taobao.org/redux-devtools-log-monitor/download/redux-devtools-log-monitor-1.3.0.tgz",
      "integrity": "sha1-LeDKHXCNogi8pknsdBAwIwNszjk=",
      "dev": true,
      "requires": {
        "lodash.debounce": "4.0.8",
        "prop-types": "15.6.0",
        "react-json-tree": "0.10.9",
        "react-pure-render": "1.0.2",
        "redux-devtools-themes": "1.0.0"
      },
      "dependencies": {
        "lodash.debounce": {
          "version": "4.0.8",
          "resolved": "http://registry.npm.taobao.org/lodash.debounce/download/lodash.debounce-4.0.8.tgz",
          "integrity": "sha1-gteb/zCmfEAF/9XiUVMArZyk168=",
          "dev": true
        }
      }
    },
    "redux-devtools-themes": {
      "version": "1.0.0",
      "resolved": "http://registry.npm.taobao.org/redux-devtools-themes/download/redux-devtools-themes-1.0.0.tgz",
      "integrity": "sha1-xILc48U3OXYEX0ATSQfZ3LOuPV0=",
      "dev": true,
      "requires": {
        "base16": "1.0.0"
      }
    },
    "regenerator-runtime": {
      "version": "0.11.0",
      "resolved": "http://registry.npm.taobao.org/regenerator-runtime/download/regenerator-runtime-0.11.0.tgz",
      "integrity": "sha1-flT+W1zNXWYk6mJVw0c74JC4AuE=",
      "dev": true
    },
    "setimmediate": {
      "version": "1.0.5",
      "resolved": "http://registry.npm.taobao.org/setimmediate/download/setimmediate-1.0.5.tgz",
      "integrity": "sha1-KQy7Iy4waULX1+qbg3Mqt4VvgoU=",
      "dev": true
    },
    "symbol-observable": {
      "version": "1.0.4",
      "resolved": "http://registry.npm.taobao.org/symbol-observable/download/symbol-observable-1.0.4.tgz",
      "integrity": "sha1-Kb9hXUqnEhvdiYsi1LP5vE4qoD0=",
      "dev": true
    },
    "ua-parser-js": {
      "version": "0.7.14",
      "resolved": "http://registry.npm.taobao.org/ua-parser-js/download/ua-parser-js-0.7.14.tgz",
      "integrity": "sha1-EQ1T+kw/MmwSEpK76skE0uAzh8o=",
      "dev": true
    },
    "whatwg-fetch": {
      "version": "2.0.3",
      "resolved": "http://registry.npm.taobao.org/whatwg-fetch/download/whatwg-fetch-2.0.3.tgz",
      "integrity": "sha1-nITsLc9oGH/wC8ZOEnS0QhduHIQ=",
      "dev": true
    }
  }
}
